
Microsoft Visual Studio Solution File, Format Version 12.00
# Visual Studio Version 16
VisualStudioVersion = 16.0.29613.14
MinimumVisualStudioVersion = 10.0.40219.1
Project("{FAE04EC0-301F-11D3-BF4B-00C04F79EFBC}") = "Jasmin Encryptor", "Jasmin Encryptor.csproj", "{78C76961-8249-4EFE-9DE2-B6EF15A187F7}"
EndProject
Global
	GlobalSection(SolutionConfigurationPlatforms) = preSolution
		Debug|Any CPU = Debug|Any CPU
		Release|Any CPU = Release|Any CPU
	EndGlobalSection
	GlobalSection(ProjectConfigurationPlatforms) = postSolution
		{78C76961-8249-4EFE-9DE2-B6EF15A187F7}.Debug|Any CPU.ActiveCfg = Debug|Any CPU
		{78C76961-8249-4EFE-9DE2-B6EF15A187F7}.Debug|Any CPU.Build.0 = Debug|Any CPU
		{78C76961-8249-4EFE-9DE2-B6EF15A187F7}.Release|Any CPU.ActiveCfg = Release|Any CPU
		{78C76961-8249-4EFE-9DE2-B6EF15A187F7}.Release|Any CPU.Build.0 = Release|Any CPU
	EndGlobalSection
	GlobalSection(SolutionProperties) = preSolution
		HideSolutionNode = FALSE
	EndGlobalSection
	GlobalSection(ExtensibilityGlobals) = postSolution
		SolutionGuid = {8F2294EF-5374-47C2-8EB3-D7F36D99B29F}
	EndGlobalSection
EndGlobal
