
Microsoft Visual Studio Solution File, Format Version 12.00
# Visual Studio Version 16
VisualStudioVersion = 16.0.29613.14
MinimumVisualStudioVersion = 10.0.40219.1
Project("{FAE04EC0-301F-11D3-BF4B-00C04F79EFBC}") = "Jasmin Decryptor", "Jasmin Decryptor.csproj", "{6FF9974C-B3C6-4EEA-8472-22BE6BD6F5CD}"
EndProject
Global
	GlobalSection(SolutionConfigurationPlatforms) = preSolution
		Debug|Any CPU = Debug|Any CPU
		Release|Any CPU = Release|Any CPU
	EndGlobalSection
	GlobalSection(ProjectConfigurationPlatforms) = postSolution
		{6FF9974C-B3C6-4EEA-8472-22BE6BD6F5CD}.Debug|Any CPU.ActiveCfg = Debug|Any CPU
		{6FF9974C-B3C6-4EEA-8472-22BE6BD6F5CD}.Debug|Any CPU.Build.0 = Debug|Any CPU
		{6FF9974C-B3C6-4EEA-8472-22BE6BD6F5CD}.Release|Any CPU.ActiveCfg = Release|Any CPU
		{6FF9974C-B3C6-4EEA-8472-22BE6BD6F5CD}.Release|Any CPU.Build.0 = Release|Any CPU
	EndGlobalSection
	GlobalSection(SolutionProperties) = preSolution
		HideSolutionNode = FALSE
	EndGlobalSection
	GlobalSection(ExtensibilityGlobals) = postSolution
		SolutionGuid = {E97E1A7D-074A-4AF9-8B16-3E30360A0C4C}
	EndGlobalSection
EndGlobal
